
Microsoft Visual Studio Solution File, Format Version 12.00
Project("{FAE04EC0-301F-11D3-BF4B-00C04F79EFBC}") = "StudyPortalCLI", "StudyPortalCLI.csproj", "{8DA5AA94-F128-4838-B194-FFF9E5AA90AA}"
EndProject
Global
	GlobalSection(SolutionConfigurationPlatforms) = preSolution
		Debug|Any CPU = Debug|Any CPU
		Release|Any CPU = Release|Any CPU
	EndGlobalSection
	GlobalSection(ProjectConfigurationPlatforms) = postSolution
		{8DA5AA94-F128-4838-B194-FFF9E5AA90AA}.Debug|Any CPU.ActiveCfg = Debug|Any CPU
		{8DA5AA94-F128-4838-B194-FFF9E5AA90AA}.Debug|Any CPU.Build.0 = Debug|Any CPU
		{8DA5AA94-F128-4838-B194-FFF9E5AA90AA}.Release|Any CPU.ActiveCfg = Release|Any CPU
		{8DA5AA94-F128-4838-B194-FFF9E5AA90AA}.Release|Any CPU.Build.0 = Release|Any CPU
	EndGlobalSection
EndGlobal
